
Microsoft Visual Studio Solution File, Format Version 12.00
# Visual Studio 2012
Project("{FAE04EC0-301F-11D3-BF4B-00C04F79EFBC}") = "FMCalendarSample.iOS", "FMCalendarSample.iOS.csproj", "{2447E45A-82C1-4F1E-92C4-BFCD88C7A753}"
EndProject
Global
	GlobalSection(SolutionConfigurationPlatforms) = preSolution
		Debug|iPhoneSimulator = Debug|iPhoneSimulator
		Release|iPhoneSimulator = Release|iPhoneSimulator
		Debug|iPhone = Debug|iPhone
		Release|iPhone = Release|iPhone
		Ad-Hoc|iPhone = Ad-Hoc|iPhone
		AppStore|iPhone = AppStore|iPhone
	EndGlobalSection
	GlobalSection(ProjectConfigurationPlatforms) = postSolution
		{2447E45A-82C1-4F1E-92C4-BFCD88C7A753}.Ad-Hoc|iPhone.ActiveCfg = Ad-Hoc|iPhone
		{2447E45A-82C1-4F1E-92C4-BFCD88C7A753}.Ad-Hoc|iPhone.Build.0 = Ad-Hoc|iPhone
		{2447E45A-82C1-4F1E-92C4-BFCD88C7A753}.AppStore|iPhone.ActiveCfg = AppStore|iPhone
		{2447E45A-82C1-4F1E-92C4-BFCD88C7A753}.AppStore|iPhone.Build.0 = AppStore|iPhone
		{2447E45A-82C1-4F1E-92C4-BFCD88C7A753}.Debug|iPhone.ActiveCfg = Debug|iPhone
		{2447E45A-82C1-4F1E-92C4-BFCD88C7A753}.Debug|iPhone.Build.0 = Debug|iPhone
		{2447E45A-82C1-4F1E-92C4-BFCD88C7A753}.Debug|iPhoneSimulator.ActiveCfg = Debug|iPhoneSimulator
		{2447E45A-82C1-4F1E-92C4-BFCD88C7A753}.Debug|iPhoneSimulator.Build.0 = Debug|iPhoneSimulator
		{2447E45A-82C1-4F1E-92C4-BFCD88C7A753}.Release|iPhone.ActiveCfg = Release|iPhone
		{2447E45A-82C1-4F1E-92C4-BFCD88C7A753}.Release|iPhone.Build.0 = Release|iPhone
		{2447E45A-82C1-4F1E-92C4-BFCD88C7A753}.Release|iPhoneSimulator.ActiveCfg = Release|iPhoneSimulator
		{2447E45A-82C1-4F1E-92C4-BFCD88C7A753}.Release|iPhoneSimulator.Build.0 = Release|iPhoneSimulator
	EndGlobalSection
	GlobalSection(MonoDevelopProperties) = preSolution
		StartupItem = FMCalendarSample.iOS.csproj
	EndGlobalSection
EndGlobal
